{
    "_meta": {
        "hash": {
            "sha256": "92cc4441b9131ddde6c4f15a91bdb88b19b8fd1b5f835233b30c3151cb8882f0"
        },
        "pipfile-spec": 6,
        "requires": {},
        "sources": [
            {
                "name": "pypi",
                "url": "https://pypi.org/simple",
                "verify_ssl": true
            }
        ]
    },
    "default": {
        "contextlib2": {
            "hashes": [
                "sha256:509f9419ee91cdd00ba34443217d5ca51f5a364a404e1dce9e8979cea969ca48",
                "sha256:f5260a6e679d2ff42ec91ec5252f4eeffdcf21053db9113bd0a8e4d953769c00"
            ],
            "index": "pypi",
            "version": "==0.5.5"
        },
        "django": {
            "hashes": [
                "sha256:9365e04db9ad92524350247906ce6edc8b98fc95d146f697540edbfddb23ba13",
                "sha256:d3d9fdc8f313e5a33a6dc7ebdeca19147c11029822b462064c56895d7969ab98"
            ],
            "index": "pypi",
            "version": "==1.6"
        },
        "funcsigs": {
            "hashes": [
                "sha256:330cc27ccbf7f1e992e69fef78261dc7c6569012cf397db8d3de0234e6c937ca",
                "sha256:a7bb0f2cf3a3fd1ab2732cb49eba4252c2af4240442415b4abce3b87022a8f50"
            ],
            "markers": "python_version < '3.3'",
            "version": "==1.0.2"
        },
        "mock": {
            "hashes": [
                "sha256:870ed9c40f370f2f77900a710040f46255efccae77c0266fb47169f1b5ecb9f1",
                "sha256:ce0ff4139e99cb94c2fb14a63efd0fdbc8ff81eaa651eb402bc69621715fee42"
            ],
            "index": "pypi",
            "version": "==1.1.2"
        },
        "pbr": {
            "hashes": [
                "sha256:1b8be50d938c9bb75d0eaf7eda111eec1bf6dc88a62a6412e33bf077457e0f45",
                "sha256:b486975c0cafb6beeb50ca0e17ba047647f229087bd74e37f4a7e2cac17d2caa"
            ],
            "version": "==4.2.0"
        },
        "six": {
            "hashes": [
                "sha256:70e8a77beed4562e7f14fe23a786b54f6296e34344c23bc42f07b15018ff98e9",
                "sha256:832dc0e10feb1aa2c68dcc57dbb658f1c7e65b9b61af69048abc87a2db00a0eb"
            ],
            "version": "==1.11.0"
        }
    },
    "develop": {}
}
